// !$*UTF8*$!
{
	archiveVersion = 1;
	classes = {
	};
	objectVersion = 46;
	objects = {

/* Begin PBXBuildFile section */
		4FF37986BE78C0C683CB8D7E /* Pods_PriceBarTests.framework in Frameworks */ = {isa = PBXBuildFile; fileRef = 7ED801C3C8E5FCA09D9652B9 /* Pods_PriceBarTests.framework */; };
		7904B4581F03728E002032CD /* ShopListControllerExchange.swift in Sources */ = {isa = PBXBuildFile; fileRef = 7904B4571F03728E002032CD /* ShopListControllerExchange.swift */; };
		7904B45A1F03738B002032CD /* FBItemCategory.swift in Sources */ = {isa = PBXBuildFile; fileRef = 7904B4591F03738B002032CD /* FBItemCategory.swift */; };
		7904B45D1F037E32002032CD /* ShopList+CoreDataClass.swift in Sources */ = {isa = PBXBuildFile; fileRef = 7904B45B1F037E32002032CD /* ShopList+CoreDataClass.swift */; };
		7904B45E1F037E32002032CD /* ShopList+CoreDataProperties.swift in Sources */ = {isa = PBXBuildFile; fileRef = 7904B45C1F037E32002032CD /* ShopList+CoreDataProperties.swift */; };
		792D2C7C1F2BBFC900AA337F /* Category+CoreDataClass.swift in Sources */ = {isa = PBXBuildFile; fileRef = 792D2C7A1F2BBFC900AA337F /* Category+CoreDataClass.swift */; };
		792D2C7D1F2BBFC900AA337F /* Category+CoreDataProperties.swift in Sources */ = {isa = PBXBuildFile; fileRef = 792D2C7B1F2BBFC900AA337F /* Category+CoreDataProperties.swift */; };
		792EE7AD1EE7075200470669 /* Assets.xcassets in Resources */ = {isa = PBXBuildFile; fileRef = 792EE7AC1EE7075200470669 /* Assets.xcassets */; };
		792EE7B41EE707E700470669 /* LaunchScreen.storyboard in Resources */ = {isa = PBXBuildFile; fileRef = 792EE7B01EE707E700470669 /* LaunchScreen.storyboard */; };
		792EE7B51EE707E700470669 /* Main.storyboard in Resources */ = {isa = PBXBuildFile; fileRef = 792EE7B21EE707E700470669 /* Main.storyboard */; };
		792EE7B71EE707F000470669 /* HeaderView.xib in Resources */ = {isa = PBXBuildFile; fileRef = 792EE7B61EE707F000470669 /* HeaderView.xib */; };
		792EE7B91EE7080400470669 /* DataProvider.swift in Sources */ = {isa = PBXBuildFile; fileRef = 792EE7B81EE7080400470669 /* DataProvider.swift */; };
		792EE7BB1EE7080F00470669 /* ShopItemCell.swift in Sources */ = {isa = PBXBuildFile; fileRef = 792EE7BA1EE7080F00470669 /* ShopItemCell.swift */; };
		792EE7BD1EE7081800470669 /* NumberExtensions.swift in Sources */ = {isa = PBXBuildFile; fileRef = 792EE7BC1EE7081800470669 /* NumberExtensions.swift */; };
		792EE7C01EE7082700470669 /* CharacterExtensions.swift in Sources */ = {isa = PBXBuildFile; fileRef = 792EE7BE1EE7082700470669 /* CharacterExtensions.swift */; };
		792EE7C11EE7082700470669 /* StringExtensions.swift in Sources */ = {isa = PBXBuildFile; fileRef = 792EE7BF1EE7082700470669 /* StringExtensions.swift */; };
		792EE7C41EE7085500470669 /* AppDelegate.swift in Sources */ = {isa = PBXBuildFile; fileRef = 792EE7C21EE7085500470669 /* AppDelegate.swift */; };
		792EE7C51EE7085500470669 /* ShopListController.swift in Sources */ = {isa = PBXBuildFile; fileRef = 792EE7C31EE7085500470669 /* ShopListController.swift */; };
		792EE7C71EE7087200470669 /* HeaderView.swift in Sources */ = {isa = PBXBuildFile; fileRef = 792EE7C61EE7087200470669 /* HeaderView.swift */; };
		793368641FFE260F00E8E81A /* Extensions.swift in Sources */ = {isa = PBXBuildFile; fileRef = 793368631FFE260F00E8E81A /* Extensions.swift */; };
		793368671FFEAB3200E8E81A /* Outlet.swift in Sources */ = {isa = PBXBuildFile; fileRef = 793368661FFEAB3200E8E81A /* Outlet.swift */; };
		793368691FFF6F5600E8E81A /* ShopListDataSource.swift in Sources */ = {isa = PBXBuildFile; fileRef = 793368681FFF6F5600E8E81A /* ShopListDataSource.swift */; };
		7933686B1FFFBBCA00E8E81A /* QuantityPickerPopup.swift in Sources */ = {isa = PBXBuildFile; fileRef = 7933686A1FFFBBCA00E8E81A /* QuantityPickerPopup.swift */; };
		7933686D20012F1A00E8E81A /* QuantityModel.swift in Sources */ = {isa = PBXBuildFile; fileRef = 7933686C20012F1A00E8E81A /* QuantityModel.swift */; };
		79388B231F532176008FD415 /* PriceBarTests.swift in Sources */ = {isa = PBXBuildFile; fileRef = 79388B221F532176008FD415 /* PriceBarTests.swift */; };
		7942EE441EEFD58600D2B999 /* ProjectExtensions.swift in Sources */ = {isa = PBXBuildFile; fileRef = 7942EE431EEFD58600D2B999 /* ProjectExtensions.swift */; };
		795EA8C61F0EC58F00752A68 /* Extension.swift in Sources */ = {isa = PBXBuildFile; fileRef = 795EA8C51F0EC58F00752A68 /* Extension.swift */; };
		795EA8C81F0FFF7A00752A68 /* GoodTextField.swift in Sources */ = {isa = PBXBuildFile; fileRef = 795EA8C71F0FFF7A00752A68 /* GoodTextField.swift */; };
		795EA8CB1F10004400752A68 /* GoodButton.swift in Sources */ = {isa = PBXBuildFile; fileRef = 795EA8CA1F10004400752A68 /* GoodButton.swift */; };
		795EA8CD1F100C1500752A68 /* PriceHandling.swift in Sources */ = {isa = PBXBuildFile; fileRef = 795EA8CC1F100C1500752A68 /* PriceHandling.swift */; };
		795EA8D31F102AAB00752A68 /* FirebaseService.swift in Sources */ = {isa = PBXBuildFile; fileRef = 795EA8D21F102AAB00752A68 /* FirebaseService.swift */; };
		795EA8D51F102C0D00752A68 /* GoogleService-Info.plist in Resources */ = {isa = PBXBuildFile; fileRef = 795EA8D41F102C0D00752A68 /* GoogleService-Info.plist */; };
		796C73A21F727F4A00F26C90 /* Fabric.framework in Frameworks */ = {isa = PBXBuildFile; fileRef = 796C73A01F727F4A00F26C90 /* Fabric.framework */; };
		796C73A31F727F4A00F26C90 /* Crashlytics.framework in Frameworks */ = {isa = PBXBuildFile; fileRef = 796C73A11F727F4A00F26C90 /* Crashlytics.framework */; };
		796D7B1B201905800098D324 /* FBUomModel.swift in Sources */ = {isa = PBXBuildFile; fileRef = 796D7B1A201905800098D324 /* FBUomModel.swift */; };
		796D7B1D201906B40098D324 /* UomFactory.swift in Sources */ = {isa = PBXBuildFile; fileRef = 796D7B1C201906B40098D324 /* UomFactory.swift */; };
		796D7B20201A492E0098D324 /* ProductMapper.swift in Sources */ = {isa = PBXBuildFile; fileRef = 796D7B1F201A492E0098D324 /* ProductMapper.swift */; };
		796D7B22201A51690098D324 /* CategoryMapper.swift in Sources */ = {isa = PBXBuildFile; fileRef = 796D7B21201A51690098D324 /* CategoryMapper.swift */; };
		796D7B24201BDE3C0098D324 /* ItemListModelView.swift in Sources */ = {isa = PBXBuildFile; fileRef = 796D7B23201BDE3C0098D324 /* ItemListModelView.swift */; };
		796D7B28201BE4B10098D324 /* AddCellNib.xib in Resources */ = {isa = PBXBuildFile; fileRef = 796D7B27201BE4B10098D324 /* AddCellNib.xib */; };
		7973DD871EF1AC7F0010A64F /* OutletService.swift in Sources */ = {isa = PBXBuildFile; fileRef = 7973DD861EF1AC7F0010A64F /* OutletService.swift */; };
		7973DD891EF1AF430010A64F /* OutletsVC.swift in Sources */ = {isa = PBXBuildFile; fileRef = 7973DD881EF1AF430010A64F /* OutletsVC.swift */; };
		7973DD8B1EF1B16C0010A64F /* OutletCell.swift in Sources */ = {isa = PBXBuildFile; fileRef = 7973DD8A1EF1B16C0010A64F /* OutletCell.swift */; };
		7976A6FA20219AD20031CC79 /* FirebaseParser.swift in Sources */ = {isa = PBXBuildFile; fileRef = 7976A6F920219AD20031CC79 /* FirebaseParser.swift */; };
		79833B35200D5002005C6CC5 /* ProductCardModelView.swift in Sources */ = {isa = PBXBuildFile; fileRef = 79833B34200D5002005C6CC5 /* ProductCardModelView.swift */; };
		79833B37200D501E005C6CC5 /* DPProductModel.swift in Sources */ = {isa = PBXBuildFile; fileRef = 79833B36200D501E005C6CC5 /* DPProductModel.swift */; };
		79833B3A200E7E4B005C6CC5 /* CategoryModelView.swift in Sources */ = {isa = PBXBuildFile; fileRef = 79833B39200E7E4B005C6CC5 /* CategoryModelView.swift */; };
		79833B3D200E812D005C6CC5 /* PickerControl.swift in Sources */ = {isa = PBXBuildFile; fileRef = 79833B3C200E812D005C6CC5 /* PickerControl.swift */; };
		79833B4720130186005C6CC5 /* Application.swift in Sources */ = {isa = PBXBuildFile; fileRef = 79833B4620130186005C6CC5 /* Application.swift */; };
		79833B4B20130F71005C6CC5 /* UomModelView.swift in Sources */ = {isa = PBXBuildFile; fileRef = 79833B4A20130F71005C6CC5 /* UomModelView.swift */; };
		79833B502013AC49005C6CC5 /* DPShoplistModel.swift in Sources */ = {isa = PBXBuildFile; fileRef = 79833B4F2013AC49005C6CC5 /* DPShoplistModel.swift */; };
		79833B532013E872005C6CC5 /* CDProductModel.swift in Sources */ = {isa = PBXBuildFile; fileRef = 79833B522013E872005C6CC5 /* CDProductModel.swift */; };
		79833B552013ECA6005C6CC5 /* CDStatisticModel.swift in Sources */ = {isa = PBXBuildFile; fileRef = 79833B542013ECA6005C6CC5 /* CDStatisticModel.swift */; };
		79833B572013F445005C6CC5 /* FBProductModel.swift in Sources */ = {isa = PBXBuildFile; fileRef = 79833B562013F445005C6CC5 /* FBProductModel.swift */; };
		79833B5920146675005C6CC5 /* CDCategoryModel.swift in Sources */ = {isa = PBXBuildFile; fileRef = 79833B5820146675005C6CC5 /* CDCategoryModel.swift */; };
		79833B5B20146795005C6CC5 /* DPCategoryModel.swift in Sources */ = {isa = PBXBuildFile; fileRef = 79833B5A20146732005C6CC5 /* DPCategoryModel.swift */; };
		79883BCB20147E2D009CBEF0 /* FBItemStatistic.swift in Sources */ = {isa = PBXBuildFile; fileRef = 79883BCA20147E2D009CBEF0 /* FBItemStatistic.swift */; };
		79883BCD201498C5009CBEF0 /* CDUomModel.swift in Sources */ = {isa = PBXBuildFile; fileRef = 79883BCC201498C5009CBEF0 /* CDUomModel.swift */; };
		79883BCF20149962009CBEF0 /* DPUomModel.swift in Sources */ = {isa = PBXBuildFile; fileRef = 79883BCE20149962009CBEF0 /* DPUomModel.swift */; };
		79968E831F409C090076C0D9 /* Product+CoreDataClass.swift in Sources */ = {isa = PBXBuildFile; fileRef = 79968E7F1F409C090076C0D9 /* Product+CoreDataClass.swift */; };
		79968E841F409C090076C0D9 /* Product+CoreDataProperties.swift in Sources */ = {isa = PBXBuildFile; fileRef = 79968E801F409C090076C0D9 /* Product+CoreDataProperties.swift */; };
		79968E851F409C090076C0D9 /* Uom+CoreDataClass.swift in Sources */ = {isa = PBXBuildFile; fileRef = 79968E811F409C090076C0D9 /* Uom+CoreDataClass.swift */; };
		79968E861F409C090076C0D9 /* Uom+CoreDataProperties.swift in Sources */ = {isa = PBXBuildFile; fileRef = 79968E821F409C090076C0D9 /* Uom+CoreDataProperties.swift */; };
		79A2EB712002CD46008F7DAA /* LocationService.swift in Sources */ = {isa = PBXBuildFile; fileRef = 79A2EB702002CD46008F7DAA /* LocationService.swift */; };
		79A2EB732002D471008F7DAA /* ResultType.swift in Sources */ = {isa = PBXBuildFile; fileRef = 79A2EB722002D471008F7DAA /* ResultType.swift */; };
		79A2EB7520094A9F008F7DAA /* CoreDataSync.swift in Sources */ = {isa = PBXBuildFile; fileRef = 79A2EB7420094A9F008F7DAA /* CoreDataSync.swift */; };
		79AA0FCE1EF5936E00903133 /* PriceBar.xcdatamodel in Sources */ = {isa = PBXBuildFile; fileRef = 79AA0FCD1EF5936E00903133 /* PriceBar.xcdatamodel */; };
		79AA0FF21EF6BF2500903133 /* CoreDataService.swift in Sources */ = {isa = PBXBuildFile; fileRef = 79AA0FF11EF6BF2500903133 /* CoreDataService.swift */; };
		79C17A4E1EEBD818003A8D6B /* ItemCardVC.swift in Sources */ = {isa = PBXBuildFile; fileRef = 79C17A4D1EEBD818003A8D6B /* ItemCardVC.swift */; };
		79C56B041EF2F10300FAA91C /* ScannerController.swift in Sources */ = {isa = PBXBuildFile; fileRef = 79C56B031EF2F10300FAA91C /* ScannerController.swift */; };
		79D12F2B2016823F00302AF9 /* FoursqareProvider.swift in Sources */ = {isa = PBXBuildFile; fileRef = 79D12F2A2016823F00302AF9 /* FoursqareProvider.swift */; };
		79D12F2D201683F600302AF9 /* FQOutletModel.swift in Sources */ = {isa = PBXBuildFile; fileRef = 79D12F2C201683F600302AF9 /* FQOutletModel.swift */; };
		79D12F312016858300302AF9 /* OPOutletModel.swift in Sources */ = {isa = PBXBuildFile; fileRef = 79D12F302016858300302AF9 /* OPOutletModel.swift */; };
		79D12F332016ED2A00302AF9 /* OutletFactory.swift in Sources */ = {isa = PBXBuildFile; fileRef = 79D12F322016ED2A00302AF9 /* OutletFactory.swift */; };
		79D269FC1EFD8D3A00337DA3 /* Statistic+CoreDataClass.swift in Sources */ = {isa = PBXBuildFile; fileRef = 79D269F61EFD8D3A00337DA3 /* Statistic+CoreDataClass.swift */; };
		79D269FD1EFD8D3A00337DA3 /* Statistic+CoreDataProperties.swift in Sources */ = {isa = PBXBuildFile; fileRef = 79D269F71EFD8D3A00337DA3 /* Statistic+CoreDataProperties.swift */; };
		79D26A011EFECC4800337DA3 /* ItemListVC.swift in Sources */ = {isa = PBXBuildFile; fileRef = 79D26A001EFECC4800337DA3 /* ItemListVC.swift */; };
		79D26A031EFECD5700337DA3 /* ItemListCell.swift in Sources */ = {isa = PBXBuildFile; fileRef = 79D26A021EFECD5700337DA3 /* ItemListCell.swift */; };
		B5CAF8002F67F61FA2F358C3 /* Pods_PriceBar.framework in Frameworks */ = {isa = PBXBuildFile; fileRef = 4AE76A7128D3C848BF2261B6 /* Pods_PriceBar.framework */; };
/* End PBXBuildFile section */

/* Begin PBXContainerItemProxy section */
		79388B251F532176008FD415 /* PBXContainerItemProxy */ = {
			isa = PBXContainerItemProxy;
			containerPortal = 792EE7781EE48CD500470669 /* Project object */;
			proxyType = 1;
			remoteGlobalIDString = 792EE77F1EE48CD500470669;
			remoteInfo = PriceBar;
		};
/* End PBXContainerItemProxy section */

/* Begin PBXFileReference section */
		3995BAA816BFE91FEAB6DC7C /* Pods-PriceBarTests.release.xcconfig */ = {isa = PBXFileReference; includeInIndex = 1; lastKnownFileType = text.xcconfig; name = "Pods-PriceBarTests.release.xcconfig"; path = "Pods/Target Support Files/Pods-PriceBarTests/Pods-PriceBarTests.release.xcconfig"; sourceTree = "<group>"; };
		4AE76A7128D3C848BF2261B6 /* Pods_PriceBar.framework */ = {isa = PBXFileReference; explicitFileType = wrapper.framework; includeInIndex = 0; path = Pods_PriceBar.framework; sourceTree = BUILT_PRODUCTS_DIR; };
		7904B4571F03728E002032CD /* ShopListControllerExchange.swift */ = {isa = PBXFileReference; fileEncoding = 4; lastKnownFileType = sourcecode.swift; path = ShopListControllerExchange.swift; sourceTree = SOURCE_ROOT; };
		7904B4591F03738B002032CD /* FBItemCategory.swift */ = {isa = PBXFileReference; fileEncoding = 4; lastKnownFileType = sourcecode.swift; path = FBItemCategory.swift; sourceTree = SOURCE_ROOT; };
		7904B45B1F037E32002032CD /* ShopList+CoreDataClass.swift */ = {isa = PBXFileReference; fileEncoding = 4; lastKnownFileType = sourcecode.swift; path = "ShopList+CoreDataClass.swift"; sourceTree = SOURCE_ROOT; };
		7904B45C1F037E32002032CD /* ShopList+CoreDataProperties.swift */ = {isa = PBXFileReference; fileEncoding = 4; lastKnownFileType = sourcecode.swift; path = "ShopList+CoreDataProperties.swift"; sourceTree = SOURCE_ROOT; };
		792D2C7A1F2BBFC900AA337F /* Category+CoreDataClass.swift */ = {isa = PBXFileReference; fileEncoding = 4; lastKnownFileType = sourcecode.swift; path = "Category+CoreDataClass.swift"; sourceTree = SOURCE_ROOT; };
		792D2C7B1F2BBFC900AA337F /* Category+CoreDataProperties.swift */ = {isa = PBXFileReference; fileEncoding = 4; lastKnownFileType = sourcecode.swift; path = "Category+CoreDataProperties.swift"; sourceTree = SOURCE_ROOT; };
		792EE7801EE48CD500470669 /* PriceBar.app */ = {isa = PBXFileReference; explicitFileType = wrapper.application; includeInIndex = 0; path = PriceBar.app; sourceTree = BUILT_PRODUCTS_DIR; };
		792EE7AC1EE7075200470669 /* Assets.xcassets */ = {isa = PBXFileReference; lastKnownFileType = folder.assetcatalog; name = Assets.xcassets; path = PriceBar/Assets.xcassets; sourceTree = SOURCE_ROOT; };
		792EE7AE1EE7076600470669 /* Info.plist */ = {isa = PBXFileReference; fileEncoding = 4; lastKnownFileType = text.plist.xml; name = Info.plist; path = PriceBar/Info.plist; sourceTree = SOURCE_ROOT; };
		792EE7B11EE707E700470669 /* Base */ = {isa = PBXFileReference; lastKnownFileType = file.storyboard; name = Base; path = PriceBar/Base.lproj/LaunchScreen.storyboard; sourceTree = SOURCE_ROOT; };
		792EE7B31EE707E700470669 /* Base */ = {isa = PBXFileReference; lastKnownFileType = file.storyboard; name = Base; path = PriceBar/Base.lproj/Main.storyboard; sourceTree = SOURCE_ROOT; };
		792EE7B61EE707F000470669 /* HeaderView.xib */ = {isa = PBXFileReference; fileEncoding = 4; lastKnownFileType = file.xib; name = HeaderView.xib; path = PriceBar/HeaderView.xib; sourceTree = SOURCE_ROOT; };
		792EE7B81EE7080400470669 /* DataProvider.swift */ = {isa = PBXFileReference; fileEncoding = 4; lastKnownFileType = sourcecode.swift; name = DataProvider.swift; path = PriceBar/DataProvider.swift; sourceTree = SOURCE_ROOT; };
		792EE7BA1EE7080F00470669 /* ShopItemCell.swift */ = {isa = PBXFileReference; fileEncoding = 4; lastKnownFileType = sourcecode.swift; name = ShopItemCell.swift; path = PriceBar/ShopItemCell.swift; sourceTree = SOURCE_ROOT; };
		792EE7BC1EE7081800470669 /* NumberExtensions.swift */ = {isa = PBXFileReference; fileEncoding = 4; lastKnownFileType = sourcecode.swift; name = NumberExtensions.swift; path = PriceBar/NumberExtensions.swift; sourceTree = SOURCE_ROOT; };
		792EE7BE1EE7082700470669 /* CharacterExtensions.swift */ = {isa = PBXFileReference; fileEncoding = 4; lastKnownFileType = sourcecode.swift; name = CharacterExtensions.swift; path = PriceBar/CharacterExtensions.swift; sourceTree = SOURCE_ROOT; };
		792EE7BF1EE7082700470669 /* StringExtensions.swift */ = {isa = PBXFileReference; fileEncoding = 4; lastKnownFileType = sourcecode.swift; name = StringExtensions.swift; path = PriceBar/StringExtensions.swift; sourceTree = SOURCE_ROOT; };
		792EE7C21EE7085500470669 /* AppDelegate.swift */ = {isa = PBXFileReference; fileEncoding = 4; lastKnownFileType = sourcecode.swift; name = AppDelegate.swift; path = "Price Bar/AppDelegate.swift"; sourceTree = SOURCE_ROOT; };
		792EE7C31EE7085500470669 /* ShopListController.swift */ = {isa = PBXFileReference; fileEncoding = 4; lastKnownFileType = sourcecode.swift; name = ShopListController.swift; path = PriceBar/ShopListController.swift; sourceTree = SOURCE_ROOT; };
		792EE7C61EE7087200470669 /* HeaderView.swift */ = {isa = PBXFileReference; fileEncoding = 4; lastKnownFileType = sourcecode.swift; name = HeaderView.swift; path = PriceBar/HeaderView.swift; sourceTree = SOURCE_ROOT; };
		793368631FFE260F00E8E81A /* Extensions.swift */ = {isa = PBXFileReference; lastKnownFileType = sourcecode.swift; path = Extensions.swift; sourceTree = "<group>"; };
		793368661FFEAB3200E8E81A /* Outlet.swift */ = {isa = PBXFileReference; lastKnownFileType = sourcecode.swift; path = Outlet.swift; sourceTree = "<group>"; };
		793368681FFF6F5600E8E81A /* ShopListDataSource.swift */ = {isa = PBXFileReference; lastKnownFileType = sourcecode.swift; path = ShopListDataSource.swift; sourceTree = "<group>"; };
		7933686A1FFFBBCA00E8E81A /* QuantityPickerPopup.swift */ = {isa = PBXFileReference; lastKnownFileType = sourcecode.swift; path = QuantityPickerPopup.swift; sourceTree = "<group>"; };
		7933686C20012F1A00E8E81A /* QuantityModel.swift */ = {isa = PBXFileReference; lastKnownFileType = sourcecode.swift; path = QuantityModel.swift; sourceTree = "<group>"; };
		79388B201F532175008FD415 /* PriceBarTests.xctest */ = {isa = PBXFileReference; explicitFileType = wrapper.cfbundle; includeInIndex = 0; path = PriceBarTests.xctest; sourceTree = BUILT_PRODUCTS_DIR; };
		79388B221F532176008FD415 /* PriceBarTests.swift */ = {isa = PBXFileReference; lastKnownFileType = sourcecode.swift; path = PriceBarTests.swift; sourceTree = "<group>"; };
		79388B241F532176008FD415 /* Info.plist */ = {isa = PBXFileReference; lastKnownFileType = text.plist.xml; path = Info.plist; sourceTree = "<group>"; };
		7942EE431EEFD58600D2B999 /* ProjectExtensions.swift */ = {isa = PBXFileReference; fileEncoding = 4; lastKnownFileType = sourcecode.swift; path = ProjectExtensions.swift; sourceTree = SOURCE_ROOT; };
		795EA8C51F0EC58F00752A68 /* Extension.swift */ = {isa = PBXFileReference; fileEncoding = 4; lastKnownFileType = sourcecode.swift; path = Extension.swift; sourceTree = SOURCE_ROOT; };
		795EA8C71F0FFF7A00752A68 /* GoodTextField.swift */ = {isa = PBXFileReference; fileEncoding = 4; lastKnownFileType = sourcecode.swift; path = GoodTextField.swift; sourceTree = SOURCE_ROOT; };
		795EA8CA1F10004400752A68 /* GoodButton.swift */ = {isa = PBXFileReference; fileEncoding = 4; lastKnownFileType = sourcecode.swift; path = GoodButton.swift; sourceTree = SOURCE_ROOT; };
		795EA8CC1F100C1500752A68 /* PriceHandling.swift */ = {isa = PBXFileReference; fileEncoding = 4; lastKnownFileType = sourcecode.swift; path = PriceHandling.swift; sourceTree = SOURCE_ROOT; };
		795EA8D21F102AAB00752A68 /* FirebaseService.swift */ = {isa = PBXFileReference; fileEncoding = 4; lastKnownFileType = sourcecode.swift; path = FirebaseService.swift; sourceTree = SOURCE_ROOT; };
		795EA8D41F102C0D00752A68 /* GoogleService-Info.plist */ = {isa = PBXFileReference; fileEncoding = 4; lastKnownFileType = text.plist.xml; path = "GoogleService-Info.plist"; sourceTree = SOURCE_ROOT; };
		796C73A01F727F4A00F26C90 /* Fabric.framework */ = {isa = PBXFileReference; lastKnownFileType = wrapper.framework; path = Fabric.framework; sourceTree = "<group>"; };
		796C73A11F727F4A00F26C90 /* Crashlytics.framework */ = {isa = PBXFileReference; lastKnownFileType = wrapper.framework; path = Crashlytics.framework; sourceTree = "<group>"; };
		796D7B1A201905800098D324 /* FBUomModel.swift */ = {isa = PBXFileReference; lastKnownFileType = sourcecode.swift; path = FBUomModel.swift; sourceTree = "<group>"; };
		796D7B1C201906B40098D324 /* UomFactory.swift */ = {isa = PBXFileReference; lastKnownFileType = sourcecode.swift; path = UomFactory.swift; sourceTree = "<group>"; };
		796D7B1F201A492E0098D324 /* ProductMapper.swift */ = {isa = PBXFileReference; lastKnownFileType = sourcecode.swift; path = ProductMapper.swift; sourceTree = "<group>"; };
		796D7B21201A51690098D324 /* CategoryMapper.swift */ = {isa = PBXFileReference; lastKnownFileType = sourcecode.swift; path = CategoryMapper.swift; sourceTree = "<group>"; };
		796D7B23201BDE3C0098D324 /* ItemListModelView.swift */ = {isa = PBXFileReference; lastKnownFileType = sourcecode.swift; path = ItemListModelView.swift; sourceTree = "<group>"; };
		796D7B27201BE4B10098D324 /* AddCellNib.xib */ = {isa = PBXFileReference; lastKnownFileType = file.xib; path = AddCellNib.xib; sourceTree = "<group>"; };
		7973DD861EF1AC7F0010A64F /* OutletService.swift */ = {isa = PBXFileReference; fileEncoding = 4; lastKnownFileType = sourcecode.swift; path = OutletService.swift; sourceTree = SOURCE_ROOT; };
		7973DD881EF1AF430010A64F /* OutletsVC.swift */ = {isa = PBXFileReference; fileEncoding = 4; lastKnownFileType = sourcecode.swift; path = OutletsVC.swift; sourceTree = SOURCE_ROOT; };
		7973DD8A1EF1B16C0010A64F /* OutletCell.swift */ = {isa = PBXFileReference; fileEncoding = 4; lastKnownFileType = sourcecode.swift; path = OutletCell.swift; sourceTree = SOURCE_ROOT; };
		7976A6F920219AD20031CC79 /* FirebaseParser.swift */ = {isa = PBXFileReference; lastKnownFileType = sourcecode.swift; path = FirebaseParser.swift; sourceTree = "<group>"; };
		79833B34200D5002005C6CC5 /* ProductCardModelView.swift */ = {isa = PBXFileReference; lastKnownFileType = sourcecode.swift; path = ProductCardModelView.swift; sourceTree = "<group>"; };
		79833B36200D501E005C6CC5 /* DPProductModel.swift */ = {isa = PBXFileReference; lastKnownFileType = sourcecode.swift; path = DPProductModel.swift; sourceTree = "<group>"; };
		79833B39200E7E4B005C6CC5 /* CategoryModelView.swift */ = {isa = PBXFileReference; lastKnownFileType = sourcecode.swift; path = CategoryModelView.swift; sourceTree = "<group>"; };
		79833B3C200E812D005C6CC5 /* PickerControl.swift */ = {isa = PBXFileReference; lastKnownFileType = sourcecode.swift; path = PickerControl.swift; sourceTree = "<group>"; };
		79833B4620130186005C6CC5 /* Application.swift */ = {isa = PBXFileReference; lastKnownFileType = sourcecode.swift; path = Application.swift; sourceTree = "<group>"; };
		79833B4A20130F71005C6CC5 /* UomModelView.swift */ = {isa = PBXFileReference; lastKnownFileType = sourcecode.swift; path = UomModelView.swift; sourceTree = "<group>"; };
		79833B4F2013AC49005C6CC5 /* DPShoplistModel.swift */ = {isa = PBXFileReference; lastKnownFileType = sourcecode.swift; path = DPShoplistModel.swift; sourceTree = "<group>"; };
		79833B522013E872005C6CC5 /* CDProductModel.swift */ = {isa = PBXFileReference; lastKnownFileType = sourcecode.swift; path = CDProductModel.swift; sourceTree = "<group>"; };
		79833B542013ECA6005C6CC5 /* CDStatisticModel.swift */ = {isa = PBXFileReference; lastKnownFileType = sourcecode.swift; path = CDStatisticModel.swift; sourceTree = "<group>"; };
		79833B562013F445005C6CC5 /* FBProductModel.swift */ = {isa = PBXFileReference; lastKnownFileType = sourcecode.swift; path = FBProductModel.swift; sourceTree = "<group>"; };
		79833B5820146675005C6CC5 /* CDCategoryModel.swift */ = {isa = PBXFileReference; lastKnownFileType = sourcecode.swift; path = CDCategoryModel.swift; sourceTree = "<group>"; };
		79833B5A20146732005C6CC5 /* DPCategoryModel.swift */ = {isa = PBXFileReference; lastKnownFileType = sourcecode.swift; path = DPCategoryModel.swift; sourceTree = "<group>"; };
		79883BCA20147E2D009CBEF0 /* FBItemStatistic.swift */ = {isa = PBXFileReference; lastKnownFileType = sourcecode.swift; path = FBItemStatistic.swift; sourceTree = "<group>"; };
		79883BCC201498C5009CBEF0 /* CDUomModel.swift */ = {isa = PBXFileReference; lastKnownFileType = sourcecode.swift; path = CDUomModel.swift; sourceTree = "<group>"; };
		79883BCE20149962009CBEF0 /* DPUomModel.swift */ = {isa = PBXFileReference; lastKnownFileType = sourcecode.swift; path = DPUomModel.swift; sourceTree = "<group>"; };
		79968E7F1F409C090076C0D9 /* Product+CoreDataClass.swift */ = {isa = PBXFileReference; fileEncoding = 4; lastKnownFileType = sourcecode.swift; path = "Product+CoreDataClass.swift"; sourceTree = SOURCE_ROOT; };
		79968E801F409C090076C0D9 /* Product+CoreDataProperties.swift */ = {isa = PBXFileReference; fileEncoding = 4; lastKnownFileType = sourcecode.swift; path = "Product+CoreDataProperties.swift"; sourceTree = SOURCE_ROOT; };
		79968E811F409C090076C0D9 /* Uom+CoreDataClass.swift */ = {isa = PBXFileReference; fileEncoding = 4; lastKnownFileType = sourcecode.swift; path = "Uom+CoreDataClass.swift"; sourceTree = SOURCE_ROOT; };
		79968E821F409C090076C0D9 /* Uom+CoreDataProperties.swift */ = {isa = PBXFileReference; fileEncoding = 4; lastKnownFileType = sourcecode.swift; path = "Uom+CoreDataProperties.swift"; sourceTree = SOURCE_ROOT; };
		799A8A231F7423E20027EB59 /* PriceBarTests copy-Info.plist */ = {isa = PBXFileReference; lastKnownFileType = text.plist.xml; name = "PriceBarTests copy-Info.plist"; path = "/Users/leonif1/Developer/PriceBar/PriceBarTests copy-Info.plist"; sourceTree = "<absolute>"; };
		79A2EB702002CD46008F7DAA /* LocationService.swift */ = {isa = PBXFileReference; lastKnownFileType = sourcecode.swift; path = LocationService.swift; sourceTree = "<group>"; };
		79A2EB722002D471008F7DAA /* ResultType.swift */ = {isa = PBXFileReference; lastKnownFileType = sourcecode.swift; path = ResultType.swift; sourceTree = "<group>"; };
		79A2EB7420094A9F008F7DAA /* CoreDataSync.swift */ = {isa = PBXFileReference; lastKnownFileType = sourcecode.swift; path = CoreDataSync.swift; sourceTree = "<group>"; };
		79AA0FCD1EF5936E00903133 /* PriceBar.xcdatamodel */ = {isa = PBXFileReference; lastKnownFileType = wrapper.xcdatamodel; name = PriceBar.xcdatamodel; path = PriceBar.xcdatamodeld/PriceBar.xcdatamodel; sourceTree = SOURCE_ROOT; };
		79AA0FF11EF6BF2500903133 /* CoreDataService.swift */ = {isa = PBXFileReference; fileEncoding = 4; lastKnownFileType = sourcecode.swift; path = CoreDataService.swift; sourceTree = SOURCE_ROOT; };
		79C17A4D1EEBD818003A8D6B /* ItemCardVC.swift */ = {isa = PBXFileReference; fileEncoding = 4; lastKnownFileType = sourcecode.swift; path = ItemCardVC.swift; sourceTree = SOURCE_ROOT; };
		79C56B031EF2F10300FAA91C /* ScannerController.swift */ = {isa = PBXFileReference; fileEncoding = 4; lastKnownFileType = sourcecode.swift; path = ScannerController.swift; sourceTree = SOURCE_ROOT; };
		79D12F2A2016823F00302AF9 /* FoursqareProvider.swift */ = {isa = PBXFileReference; lastKnownFileType = sourcecode.swift; path = FoursqareProvider.swift; sourceTree = "<group>"; };
		79D12F2C201683F600302AF9 /* FQOutletModel.swift */ = {isa = PBXFileReference; lastKnownFileType = sourcecode.swift; path = FQOutletModel.swift; sourceTree = "<group>"; };
		79D12F302016858300302AF9 /* OPOutletModel.swift */ = {isa = PBXFileReference; lastKnownFileType = sourcecode.swift; path = OPOutletModel.swift; sourceTree = "<group>"; };
		79D12F322016ED2A00302AF9 /* OutletFactory.swift */ = {isa = PBXFileReference; lastKnownFileType = sourcecode.swift; path = OutletFactory.swift; sourceTree = "<group>"; };
		79D269F61EFD8D3A00337DA3 /* Statistic+CoreDataClass.swift */ = {isa = PBXFileReference; fileEncoding = 4; lastKnownFileType = sourcecode.swift; path = "Statistic+CoreDataClass.swift"; sourceTree = SOURCE_ROOT; };
		79D269F71EFD8D3A00337DA3 /* Statistic+CoreDataProperties.swift */ = {isa = PBXFileReference; fileEncoding = 4; lastKnownFileType = sourcecode.swift; path = "Statistic+CoreDataProperties.swift"; sourceTree = SOURCE_ROOT; };
		79D26A001EFECC4800337DA3 /* ItemListVC.swift */ = {isa = PBXFileReference; fileEncoding = 4; lastKnownFileType = sourcecode.swift; path = ItemListVC.swift; sourceTree = SOURCE_ROOT; };
		79D26A021EFECD5700337DA3 /* ItemListCell.swift */ = {isa = PBXFileReference; fileEncoding = 4; lastKnownFileType = sourcecode.swift; path = ItemListCell.swift; sourceTree = SOURCE_ROOT; };
		7ED801C3C8E5FCA09D9652B9 /* Pods_PriceBarTests.framework */ = {isa = PBXFileReference; explicitFileType = wrapper.framework; includeInIndex = 0; path = Pods_PriceBarTests.framework; sourceTree = BUILT_PRODUCTS_DIR; };
		80E09CA58DC91A4F8BFB54D4 /* Pods-PriceBarTests.debug.xcconfig */ = {isa = PBXFileReference; includeInIndex = 1; lastKnownFileType = text.xcconfig; name = "Pods-PriceBarTests.debug.xcconfig"; path = "Pods/Target Support Files/Pods-PriceBarTests/Pods-PriceBarTests.debug.xcconfig"; sourceTree = "<group>"; };
		9112EA9E34F7BC2278A40D75 /* Pods-PriceBar.release.xcconfig */ = {isa = PBXFileReference; includeInIndex = 1; lastKnownFileType = text.xcconfig; name = "Pods-PriceBar.release.xcconfig"; path = "Pods/Target Support Files/Pods-PriceBar/Pods-PriceBar.release.xcconfig"; sourceTree = "<group>"; };
		DB0AE4600538D7BEBF558ECF /* Pods-PriceBar.debug.xcconfig */ = {isa = PBXFileReference; includeInIndex = 1; lastKnownFileType = text.xcconfig; name = "Pods-PriceBar.debug.xcconfig"; path = "Pods/Target Support Files/Pods-PriceBar/Pods-PriceBar.debug.xcconfig"; sourceTree = "<group>"; };
/* End PBXFileReference section */

/* Begin PBXFrameworksBuildPhase section */
		792EE77D1EE48CD500470669 /* Frameworks */ = {
			isa = PBXFrameworksBuildPhase;
			buildActionMask = 2147483647;
			files = (
				B5CAF8002F67F61FA2F358C3 /* Pods_PriceBar.framework in Frameworks */,
				796C73A31F727F4A00F26C90 /* Crashlytics.framework in Frameworks */,
				796C73A21F727F4A00F26C90 /* Fabric.framework in Frameworks */,
			);
			runOnlyForDeploymentPostprocessing = 0;
		};
		79388B1D1F532175008FD415 /* Frameworks */ = {
			isa = PBXFrameworksBuildPhase;
			buildActionMask = 2147483647;
			files = (
				4FF37986BE78C0C683CB8D7E /* Pods_PriceBarTests.framework in Frameworks */,
			);
			runOnlyForDeploymentPostprocessing = 0;
		};
/* End PBXFrameworksBuildPhase section */

/* Begin PBXGroup section */
		1E9FDC8744A798E17F4DC63F /* Frameworks */ = {
			isa = PBXGroup;
			children = (
				796C73A01F727F4A00F26C90 /* Fabric.framework */,
				796C73A11F727F4A00F26C90 /* Crashlytics.framework */,
				4AE76A7128D3C848BF2261B6 /* Pods_PriceBar.framework */,
				7ED801C3C8E5FCA09D9652B9 /* Pods_PriceBarTests.framework */,
			);
			name = Frameworks;
			sourceTree = "<group>";
		};
		790BC9E71F8831FB00CA9519 /* ShopListFlow */ = {
			isa = PBXGroup;
			children = (
				790BC9EF1F88342100CA9519 /* Entities */,
				790BC9EE1F88341200CA9519 /* View */,
				790BC9ED1F8833D700CA9519 /* Controllers */,
			);
			name = ShopListFlow;
			sourceTree = "<group>";
		};
		790BC9E81F88322400CA9519 /* Services */ = {
			isa = PBXGroup;
			children = (
				79833B42201143DE005C6CC5 /* DataProvider */,
				79833B4420114442005C6CC5 /* OutletProvider */,
				79833B4520114456005C6CC5 /* LocationProvider */,
				795EA8CE1F100C1C00752A68 /* CoreDataProvider */,
				795EA8D11F102A9200752A68 /* FirebaseProvider */,
				79D12F2E201683FD00302AF9 /* FoursqareProvider */,
			);
			name = Services;
			sourceTree = "<group>";
		};
		790BC9E91F88326E00CA9519 /* OutletFlow */ = {
			isa = PBXGroup;
			children = (
				793368661FFEAB3200E8E81A /* Outlet.swift */,
				7973DD881EF1AF430010A64F /* OutletsVC.swift */,
				7973DD8A1EF1B16C0010A64F /* OutletCell.swift */,
			);
			name = OutletFlow;
			sourceTree = "<group>";
		};
		790BC9EA1F8832D900CA9519 /* ItemListFlow */ = {
			isa = PBXGroup;
			children = (
				79833B4120114354005C6CC5 /* Entities */,
				79833B402011434A005C6CC5 /* Controller */,
				79833B3F2011433B005C6CC5 /* View */,
			);
			name = ItemListFlow;
			sourceTree = "<group>";
		};
		790BC9EB1F88334800CA9519 /* Supported Files */ = {
			isa = PBXGroup;
			children = (
				795EA8D41F102C0D00752A68 /* GoogleService-Info.plist */,
				792EE7AE1EE7076600470669 /* Info.plist */,
				792EE7AC1EE7075200470669 /* Assets.xcassets */,
				792EE7C21EE7085500470669 /* AppDelegate.swift */,
			);
			name = "Supported Files";
			sourceTree = "<group>";
		};
		790BC9ED1F8833D700CA9519 /* Controllers */ = {
			isa = PBXGroup;
			children = (
				792EE7C31EE7085500470669 /* ShopListController.swift */,
				7904B4571F03728E002032CD /* ShopListControllerExchange.swift */,
				7933686A1FFFBBCA00E8E81A /* QuantityPickerPopup.swift */,
				793368681FFF6F5600E8E81A /* ShopListDataSource.swift */,
			);
			name = Controllers;
			sourceTree = "<group>";
		};
		790BC9EE1F88341200CA9519 /* View */ = {
			isa = PBXGroup;
			children = (
				792EE7BA1EE7080F00470669 /* ShopItemCell.swift */,
				792EE7C61EE7087200470669 /* HeaderView.swift */,
				792EE7B61EE707F000470669 /* HeaderView.xib */,
			);
			name = View;
			sourceTree = "<group>";
		};
		790BC9EF1F88342100CA9519 /* Entities */ = {
			isa = PBXGroup;
			children = (
				7933686C20012F1A00E8E81A /* QuantityModel.swift */,
			);
			name = Entities;
			sourceTree = "<group>";
		};
		792EE7771EE48CD500470669 = {
			isa = PBXGroup;
			children = (
				792EE7821EE48CD500470669 /* PriceBar */,
				79388B211F532176008FD415 /* PriceBarTests */,
				792EE7811EE48CD500470669 /* Products */,
				EFCFC6F2C247C1D3BDF643A8 /* Pods */,
				1E9FDC8744A798E17F4DC63F /* Frameworks */,
				799A8A231F7423E20027EB59 /* PriceBarTests copy-Info.plist */,
			);
			sourceTree = "<group>";
		};
		792EE7811EE48CD500470669 /* Products */ = {
			isa = PBXGroup;
			children = (
				792EE7801EE48CD500470669 /* PriceBar.app */,
				79388B201F532175008FD415 /* PriceBarTests.xctest */,
			);
			name = Products;
			sourceTree = "<group>";
		};
		792EE7821EE48CD500470669 /* PriceBar */ = {
			isa = PBXGroup;
			children = (
				79833B4620130186005C6CC5 /* Application.swift */,
				79833B432011440C005C6CC5 /* Reusable Tools */,
				790BC9E71F8831FB00CA9519 /* ShopListFlow */,
				790BC9EA1F8832D900CA9519 /* ItemListFlow */,
				794CEAC71F8A6BA8003B517A /* ItemCardFlow */,
				79833B3E201142F5005C6CC5 /* ScannerFlow */,
				790BC9E91F88326E00CA9519 /* OutletFlow */,
				790BC9E81F88322400CA9519 /* Services */,
				790BC9EB1F88334800CA9519 /* Supported Files */,
				792EE7B21EE707E700470669 /* Main.storyboard */,
				792EE7B01EE707E700470669 /* LaunchScreen.storyboard */,
			);
			name = PriceBar;
			path = "Price Bar";
			sourceTree = "<group>";
		};
		792EE79D1EE5069300470669 /* Extensions */ = {
			isa = PBXGroup;
			children = (
				793368631FFE260F00E8E81A /* Extensions.swift */,
				795EA8C51F0EC58F00752A68 /* Extension.swift */,
				7942EE431EEFD58600D2B999 /* ProjectExtensions.swift */,
				792EE7BC1EE7081800470669 /* NumberExtensions.swift */,
				792EE7BE1EE7082700470669 /* CharacterExtensions.swift */,
				792EE7BF1EE7082700470669 /* StringExtensions.swift */,
			);
			name = Extensions;
			sourceTree = "<group>";
		};
		79388B211F532176008FD415 /* PriceBarTests */ = {
			isa = PBXGroup;
			children = (
				79388B221F532176008FD415 /* PriceBarTests.swift */,
				79388B241F532176008FD415 /* Info.plist */,
			);
			path = PriceBarTests;
			sourceTree = "<group>";
		};
		794CEAC71F8A6BA8003B517A /* ItemCardFlow */ = {
			isa = PBXGroup;
			children = (
				79833B3B200E7E81005C6CC5 /* Entities */,
				79C17A4D1EEBD818003A8D6B /* ItemCardVC.swift */,
			);
			name = ItemCardFlow;
			sourceTree = "<group>";
		};
		795EA8C91F0FFFF200752A68 /* CustomObjects */ = {
			isa = PBXGroup;
			children = (
				795EA8CA1F10004400752A68 /* GoodButton.swift */,
				795EA8C71F0FFF7A00752A68 /* GoodTextField.swift */,
			);
			name = CustomObjects;
			sourceTree = "<group>";
		};
		795EA8CE1F100C1C00752A68 /* CoreDataProvider */ = {
			isa = PBXGroup;
			children = (
				79AA0FE41EF5D13300903133 /* gen */,
				79833B512013E73D005C6CC5 /* Entities */,
				79AA0FCD1EF5936E00903133 /* PriceBar.xcdatamodel */,
				79AA0FF11EF6BF2500903133 /* CoreDataService.swift */,
				795EA8CC1F100C1500752A68 /* PriceHandling.swift */,
				79A2EB7420094A9F008F7DAA /* CoreDataSync.swift */,
			);
			name = CoreDataProvider;
			sourceTree = "<group>";
		};
		795EA8D11F102A9200752A68 /* FirebaseProvider */ = {
			isa = PBXGroup;
			children = (
				79833B4920130F32005C6CC5 /* Entities */,
				795EA8D21F102AAB00752A68 /* FirebaseService.swift */,
				7976A6F920219AD20031CC79 /* FirebaseParser.swift */,
			);
			name = FirebaseProvider;
			sourceTree = "<group>";
		};
		796D7B1E201A485E0098D324 /* Mappers */ = {
			isa = PBXGroup;
			children = (
				79D12F322016ED2A00302AF9 /* OutletFactory.swift */,
				796D7B1C201906B40098D324 /* UomFactory.swift */,
				796D7B1F201A492E0098D324 /* ProductMapper.swift */,
				796D7B21201A51690098D324 /* CategoryMapper.swift */,
			);
			name = Mappers;
			sourceTree = "<group>";
		};
		79833B38200D503C005C6CC5 /* Entities */ = {
			isa = PBXGroup;
			children = (
				79833B5A20146732005C6CC5 /* DPCategoryModel.swift */,
				79833B36200D501E005C6CC5 /* DPProductModel.swift */,
				79833B4F2013AC49005C6CC5 /* DPShoplistModel.swift */,
				79883BCE20149962009CBEF0 /* DPUomModel.swift */,
			);
			name = Entities;
			sourceTree = "<group>";
		};
		79833B3B200E7E81005C6CC5 /* Entities */ = {
			isa = PBXGroup;
			children = (
				79833B34200D5002005C6CC5 /* ProductCardModelView.swift */,
				79833B39200E7E4B005C6CC5 /* CategoryModelView.swift */,
				79833B4A20130F71005C6CC5 /* UomModelView.swift */,
			);
			name = Entities;
			sourceTree = "<group>";
		};
		79833B3E201142F5005C6CC5 /* ScannerFlow */ = {
			isa = PBXGroup;
			children = (
				79C56B031EF2F10300FAA91C /* ScannerController.swift */,
			);
			name = ScannerFlow;
			sourceTree = "<group>";
		};
		79833B3F2011433B005C6CC5 /* View */ = {
			isa = PBXGroup;
			children = (
				79D26A021EFECD5700337DA3 /* ItemListCell.swift */,
				796D7B27201BE4B10098D324 /* AddCellNib.xib */,
			);
			name = View;
			sourceTree = "<group>";
		};
		79833B402011434A005C6CC5 /* Controller */ = {
			isa = PBXGroup;
			children = (
				79D26A001EFECC4800337DA3 /* ItemListVC.swift */,
			);
			name = Controller;
			sourceTree = "<group>";
		};
		79833B4120114354005C6CC5 /* Entities */ = {
			isa = PBXGroup;
			children = (
				796D7B23201BDE3C0098D324 /* ItemListModelView.swift */,
			);
			name = Entities;
			sourceTree = "<group>";
		};
		79833B42201143DE005C6CC5 /* DataProvider */ = {
			isa = PBXGroup;
			children = (
				796D7B1E201A485E0098D324 /* Mappers */,
				79833B38200D503C005C6CC5 /* Entities */,
				792EE7B81EE7080400470669 /* DataProvider.swift */,
			);
			name = DataProvider;
			sourceTree = "<group>";
		};
		79833B432011440C005C6CC5 /* Reusable Tools */ = {
			isa = PBXGroup;
			children = (
				795EA8C91F0FFFF200752A68 /* CustomObjects */,
				792EE79D1EE5069300470669 /* Extensions */,
				79A2EB722002D471008F7DAA /* ResultType.swift */,
				79833B3C200E812D005C6CC5 /* PickerControl.swift */,
			);
			name = "Reusable Tools";
			sourceTree = "<group>";
		};
		79833B4420114442005C6CC5 /* OutletProvider */ = {
			isa = PBXGroup;
			children = (
				79D12F342016EF7F00302AF9 /* Entities */,
				7973DD861EF1AC7F0010A64F /* OutletService.swift */,
			);
			name = OutletProvider;
			sourceTree = "<group>";
		};
		79833B4520114456005C6CC5 /* LocationProvider */ = {
			isa = PBXGroup;
			children = (
				79A2EB702002CD46008F7DAA /* LocationService.swift */,
			);
			name = LocationProvider;
			sourceTree = "<group>";
		};
		79833B4920130F32005C6CC5 /* Entities */ = {
			isa = PBXGroup;
			children = (
				7904B4591F03738B002032CD /* FBItemCategory.swift */,
				796D7B1A201905800098D324 /* FBUomModel.swift */,
				79833B562013F445005C6CC5 /* FBProductModel.swift */,
				79883BCA20147E2D009CBEF0 /* FBItemStatistic.swift */,
			);
			name = Entities;
			sourceTree = "<group>";
		};
		79833B512013E73D005C6CC5 /* Entities */ = {
			isa = PBXGroup;
			children = (
				79833B5820146675005C6CC5 /* CDCategoryModel.swift */,
				79833B522013E872005C6CC5 /* CDProductModel.swift */,
				79833B542013ECA6005C6CC5 /* CDStatisticModel.swift */,
				79883BCC201498C5009CBEF0 /* CDUomModel.swift */,
			);
			name = Entities;
			sourceTree = "<group>";
		};
		79AA0FE41EF5D13300903133 /* gen */ = {
			isa = PBXGroup;
			children = (
				79968E801F409C090076C0D9 /* Product+CoreDataProperties.swift */,
				79968E821F409C090076C0D9 /* Uom+CoreDataProperties.swift */,
				792D2C7B1F2BBFC900AA337F /* Category+CoreDataProperties.swift */,
				7904B45C1F037E32002032CD /* ShopList+CoreDataProperties.swift */,
				79D269F71EFD8D3A00337DA3 /* Statistic+CoreDataProperties.swift */,
				79968E7F1F409C090076C0D9 /* Product+CoreDataClass.swift */,
				79968E811F409C090076C0D9 /* Uom+CoreDataClass.swift */,
				792D2C7A1F2BBFC900AA337F /* Category+CoreDataClass.swift */,
				7904B45B1F037E32002032CD /* ShopList+CoreDataClass.swift */,
				79D269F61EFD8D3A00337DA3 /* Statistic+CoreDataClass.swift */,
			);
			name = gen;
			sourceTree = "<group>";
		};
		79D12F2E201683FD00302AF9 /* FoursqareProvider */ = {
			isa = PBXGroup;
			children = (
				79D12F2F2016841300302AF9 /* Entities */,
				79D12F2A2016823F00302AF9 /* FoursqareProvider.swift */,
			);
			name = FoursqareProvider;
			sourceTree = "<group>";
		};
		79D12F2F2016841300302AF9 /* Entities */ = {
			isa = PBXGroup;
			children = (
				79D12F2C201683F600302AF9 /* FQOutletModel.swift */,
			);
			name = Entities;
			sourceTree = "<group>";
		};
		79D12F342016EF7F00302AF9 /* Entities */ = {
			isa = PBXGroup;
			children = (
				79D12F302016858300302AF9 /* OPOutletModel.swift */,
			);
			name = Entities;
			sourceTree = "<group>";
		};
		EFCFC6F2C247C1D3BDF643A8 /* Pods */ = {
			isa = PBXGroup;
			children = (
				DB0AE4600538D7BEBF558ECF /* Pods-PriceBar.debug.xcconfig */,
				9112EA9E34F7BC2278A40D75 /* Pods-PriceBar.release.xcconfig */,
				80E09CA58DC91A4F8BFB54D4 /* Pods-PriceBarTests.debug.xcconfig */,
				3995BAA816BFE91FEAB6DC7C /* Pods-PriceBarTests.release.xcconfig */,
			);
			name = Pods;
			sourceTree = "<group>";
		};
/* End PBXGroup section */

/* Begin PBXNativeTarget section */
		792EE77F1EE48CD500470669 /* PriceBar */ = {
			isa = PBXNativeTarget;
			buildConfigurationList = 792EE7921EE48CD600470669 /* Build configuration list for PBXNativeTarget "PriceBar" */;
			buildPhases = (
				B6C4C3A94B7785377B5846F0 /* [CP] Check Pods Manifest.lock */,
				792EE77C1EE48CD500470669 /* Sources */,
				792EE77D1EE48CD500470669 /* Frameworks */,
				792EE77E1EE48CD500470669 /* Resources */,
				3E230506A473382A380A6FA0 /* [CP] Embed Pods Frameworks */,
				252C575853F5FCB63B7A7473 /* [CP] Copy Pods Resources */,
				796C739F1F727F1900F26C90 /* ShellScript */,
			);
			buildRules = (
			);
			dependencies = (
			);
			name = PriceBar;
			productName = "Price Bar";
			productReference = 792EE7801EE48CD500470669 /* PriceBar.app */;
			productType = "com.apple.product-type.application";
		};
		79388B1F1F532175008FD415 /* PriceBarTests */ = {
			isa = PBXNativeTarget;
			buildConfigurationList = 79388B271F532176008FD415 /* Build configuration list for PBXNativeTarget "PriceBarTests" */;
			buildPhases = (
				0BA485641E82E4E49BEEF217 /* [CP] Check Pods Manifest.lock */,
				79388B1C1F532175008FD415 /* Sources */,
				79388B1D1F532175008FD415 /* Frameworks */,
				79388B1E1F532175008FD415 /* Resources */,
				26B200D0F58FB63E17A54367 /* [CP] Embed Pods Frameworks */,
				97B7A1FA75418159EEF3BD95 /* [CP] Copy Pods Resources */,
			);
			buildRules = (
			);
			dependencies = (
				79388B261F532176008FD415 /* PBXTargetDependency */,
			);
			name = PriceBarTests;
			productName = PriceBarTests;
			productReference = 79388B201F532175008FD415 /* PriceBarTests.xctest */;
			productType = "com.apple.product-type.bundle.unit-test";
		};
/* End PBXNativeTarget section */

/* Begin PBXProject section */
		792EE7781EE48CD500470669 /* Project object */ = {
			isa = PBXProject;
			attributes = {
				LastSwiftUpdateCheck = 0900;
				LastUpgradeCheck = 0900;
				ORGANIZATIONNAME = LionLife;
				TargetAttributes = {
					792EE77F1EE48CD500470669 = {
						CreatedOnToolsVersion = 8.3.2;
						DevelopmentTeam = 379294YDPQ;
						LastSwiftMigration = 0900;
						ProvisioningStyle = Automatic;
					};
					79388B1F1F532175008FD415 = {
						CreatedOnToolsVersion = 8.3.3;
						DevelopmentTeam = 379294YDPQ;
						LastSwiftMigration = 0900;
						ProvisioningStyle = Automatic;
						TestTargetID = 792EE77F1EE48CD500470669;
					};
				};
			};
			buildConfigurationList = 792EE77B1EE48CD500470669 /* Build configuration list for PBXProject "PriceBar" */;
			compatibilityVersion = "Xcode 3.2";
			developmentRegion = English;
			hasScannedForEncodings = 0;
			knownRegions = (
				en,
				Base,
			);
			mainGroup = 792EE7771EE48CD500470669;
			productRefGroup = 792EE7811EE48CD500470669 /* Products */;
			projectDirPath = "";
			projectRoot = "";
			targets = (
				792EE77F1EE48CD500470669 /* PriceBar */,
				79388B1F1F532175008FD415 /* PriceBarTests */,
			);
		};
/* End PBXProject section */

/* Begin PBXResourcesBuildPhase section */
		792EE77E1EE48CD500470669 /* Resources */ = {
			isa = PBXResourcesBuildPhase;
			buildActionMask = 2147483647;
			files = (
				792EE7B41EE707E700470669 /* LaunchScreen.storyboard in Resources */,
				792EE7B71EE707F000470669 /* HeaderView.xib in Resources */,
				795EA8D51F102C0D00752A68 /* GoogleService-Info.plist in Resources */,
				796D7B28201BE4B10098D324 /* AddCellNib.xib in Resources */,
				792EE7AD1EE7075200470669 /* Assets.xcassets in Resources */,
				792EE7B51EE707E700470669 /* Main.storyboard in Resources */,
			);
			runOnlyForDeploymentPostprocessing = 0;
		};
		79388B1E1F532175008FD415 /* Resources */ = {
			isa = PBXResourcesBuildPhase;
			buildActionMask = 2147483647;
			files = (
			);
			runOnlyForDeploymentPostprocessing = 0;
		};
/* End PBXResourcesBuildPhase section */

/* Begin PBXShellScriptBuildPhase section */
		0BA485641E82E4E49BEEF217 /* [CP] Check Pods Manifest.lock */ = {
			isa = PBXShellScriptBuildPhase;
			buildActionMask = 2147483647;
			files = (
			);
			inputPaths = (
				"${PODS_PODFILE_DIR_PATH}/Podfile.lock",
				"${PODS_ROOT}/Manifest.lock",
			);
			name = "[CP] Check Pods Manifest.lock";
			outputPaths = (
				"$(DERIVED_FILE_DIR)/Pods-PriceBarTests-checkManifestLockResult.txt",
			);
			runOnlyForDeploymentPostprocessing = 0;
			shellPath = /bin/sh;
			shellScript = "diff \"${PODS_PODFILE_DIR_PATH}/Podfile.lock\" \"${PODS_ROOT}/Manifest.lock\" > /dev/null\nif [ $? != 0 ] ; then\n    # print error to STDERR\n    echo \"error: The sandbox is not in sync with the Podfile.lock. Run 'pod install' or update your CocoaPods installation.\" >&2\n    exit 1\nfi\n# This output is used by Xcode 'outputs' to avoid re-running this script phase.\necho \"SUCCESS\" > \"${SCRIPT_OUTPUT_FILE_0}\"\n";
			showEnvVarsInLog = 0;
		};
		252C575853F5FCB63B7A7473 /* [CP] Copy Pods Resources */ = {
			isa = PBXShellScriptBuildPhase;
			buildActionMask = 2147483647;
			files = (
			);
			inputPaths = (
			);
			name = "[CP] Copy Pods Resources";
			outputPaths = (
			);
			runOnlyForDeploymentPostprocessing = 0;
			shellPath = /bin/sh;
			shellScript = "\"${SRCROOT}/Pods/Target Support Files/Pods-PriceBar/Pods-PriceBar-resources.sh\"\n";
			showEnvVarsInLog = 0;
		};
		26B200D0F58FB63E17A54367 /* [CP] Embed Pods Frameworks */ = {
			isa = PBXShellScriptBuildPhase;
			buildActionMask = 2147483647;
			files = (
			);
			inputPaths = (
				"${SRCROOT}/Pods/Target Support Files/Pods-PriceBarTests/Pods-PriceBarTests-frameworks.sh",
				"${BUILT_PRODUCTS_DIR}/GoogleToolboxForMac-Defines-NSData+zlib/GoogleToolboxForMac.framework",
				"${BUILT_PRODUCTS_DIR}/nanopb/nanopb.framework",
			);
			name = "[CP] Embed Pods Frameworks";
			outputPaths = (
				"${TARGET_BUILD_DIR}/${FRAMEWORKS_FOLDER_PATH}/GoogleToolboxForMac.framework",
				"${TARGET_BUILD_DIR}/${FRAMEWORKS_FOLDER_PATH}/nanopb.framework",
			);
			runOnlyForDeploymentPostprocessing = 0;
			shellPath = /bin/sh;
			shellScript = "\"${SRCROOT}/Pods/Target Support Files/Pods-PriceBarTests/Pods-PriceBarTests-frameworks.sh\"\n";
			showEnvVarsInLog = 0;
		};
		3E230506A473382A380A6FA0 /* [CP] Embed Pods Frameworks */ = {
			isa = PBXShellScriptBuildPhase;
			buildActionMask = 2147483647;
			files = (
			);
			inputPaths = (
				"${SRCROOT}/Pods/Target Support Files/Pods-PriceBar/Pods-PriceBar-frameworks.sh",
				"${BUILT_PRODUCTS_DIR}/GTMSessionFetcher/GTMSessionFetcher.framework",
				"${BUILT_PRODUCTS_DIR}/GoogleToolboxForMac-f0850809/GoogleToolboxForMac.framework",
				"${BUILT_PRODUCTS_DIR}/leveldb-library/leveldb.framework",
				"${BUILT_PRODUCTS_DIR}/nanopb/nanopb.framework",
			);
			name = "[CP] Embed Pods Frameworks";
			outputPaths = (
				"${TARGET_BUILD_DIR}/${FRAMEWORKS_FOLDER_PATH}/GTMSessionFetcher.framework",
				"${TARGET_BUILD_DIR}/${FRAMEWORKS_FOLDER_PATH}/GoogleToolboxForMac.framework",
				"${TARGET_BUILD_DIR}/${FRAMEWORKS_FOLDER_PATH}/leveldb.framework",
				"${TARGET_BUILD_DIR}/${FRAMEWORKS_FOLDER_PATH}/nanopb.framework",
			);
			runOnlyForDeploymentPostprocessing = 0;
			shellPath = /bin/sh;
			shellScript = "\"${SRCROOT}/Pods/Target Support Files/Pods-PriceBar/Pods-PriceBar-frameworks.sh\"\n";
			showEnvVarsInLog = 0;
		};
		796C739F1F727F1900F26C90 /* ShellScript */ = {
			isa = PBXShellScriptBuildPhase;
			buildActionMask = 2147483647;
			files = (
			);
			inputPaths = (
			);
			outputPaths = (
			);
			runOnlyForDeploymentPostprocessing = 0;
			shellPath = /bin/sh;
			shellScript = "./Fabric.framework/run 3287543ca2d6f916e2ec45e6e040f6e55ae30e18 ee74ce186ccf4521acaec8ba8bd26362fae8392848857d1c23e639ff4e6afa6f";
		};
		97B7A1FA75418159EEF3BD95 /* [CP] Copy Pods Resources */ = {
			isa = PBXShellScriptBuildPhase;
			buildActionMask = 2147483647;
			files = (
			);
			inputPaths = (
			);
			name = "[CP] Copy Pods Resources";
			outputPaths = (
			);
			runOnlyForDeploymentPostprocessing = 0;
			shellPath = /bin/sh;
			shellScript = "\"${SRCROOT}/Pods/Target Support Files/Pods-PriceBarTests/Pods-PriceBarTests-resources.sh\"\n";
			showEnvVarsInLog = 0;
		};
		B6C4C3A94B7785377B5846F0 /* [CP] Check Pods Manifest.lock */ = {
			isa = PBXShellScriptBuildPhase;
			buildActionMask = 2147483647;
			files = (
			);
			inputPaths = (
				"${PODS_PODFILE_DIR_PATH}/Podfile.lock",
				"${PODS_ROOT}/Manifest.lock",
			);
			name = "[CP] Check Pods Manifest.lock";
			outputPaths = (
				"$(DERIVED_FILE_DIR)/Pods-PriceBar-checkManifestLockResult.txt",
			);
			runOnlyForDeploymentPostprocessing = 0;
			shellPath = /bin/sh;
			shellScript = "diff \"${PODS_PODFILE_DIR_PATH}/Podfile.lock\" \"${PODS_ROOT}/Manifest.lock\" > /dev/null\nif [ $? != 0 ] ; then\n    # print error to STDERR\n    echo \"error: The sandbox is not in sync with the Podfile.lock. Run 'pod install' or update your CocoaPods installation.\" >&2\n    exit 1\nfi\n# This output is used by Xcode 'outputs' to avoid re-running this script phase.\necho \"SUCCESS\" > \"${SCRIPT_OUTPUT_FILE_0}\"\n";
			showEnvVarsInLog = 0;
		};
/* End PBXShellScriptBuildPhase section */

/* Begin PBXSourcesBuildPhase section */
		792EE77C1EE48CD500470669 /* Sources */ = {
			isa = PBXSourcesBuildPhase;
			buildActionMask = 2147483647;
			files = (
				793368671FFEAB3200E8E81A /* Outlet.swift in Sources */,
				796D7B24201BDE3C0098D324 /* ItemListModelView.swift in Sources */,
				79AA0FCE1EF5936E00903133 /* PriceBar.xcdatamodel in Sources */,
				79C17A4E1EEBD818003A8D6B /* ItemCardVC.swift in Sources */,
				7973DD891EF1AF430010A64F /* OutletsVC.swift in Sources */,
				79833B3D200E812D005C6CC5 /* PickerControl.swift in Sources */,
				79C56B041EF2F10300FAA91C /* ScannerController.swift in Sources */,
				79D269FC1EFD8D3A00337DA3 /* Statistic+CoreDataClass.swift in Sources */,
				79A2EB712002CD46008F7DAA /* LocationService.swift in Sources */,
				792EE7C41EE7085500470669 /* AppDelegate.swift in Sources */,
				79833B572013F445005C6CC5 /* FBProductModel.swift in Sources */,
				7904B45E1F037E32002032CD /* ShopList+CoreDataProperties.swift in Sources */,
				79833B4720130186005C6CC5 /* Application.swift in Sources */,
				7976A6FA20219AD20031CC79 /* FirebaseParser.swift in Sources */,
				792EE7B91EE7080400470669 /* DataProvider.swift in Sources */,
				79833B5920146675005C6CC5 /* CDCategoryModel.swift in Sources */,
				79D269FD1EFD8D3A00337DA3 /* Statistic+CoreDataProperties.swift in Sources */,
				792EE7C11EE7082700470669 /* StringExtensions.swift in Sources */,
				79883BCD201498C5009CBEF0 /* CDUomModel.swift in Sources */,
				796D7B1D201906B40098D324 /* UomFactory.swift in Sources */,
				79883BCF20149962009CBEF0 /* DPUomModel.swift in Sources */,
				79833B35200D5002005C6CC5 /* ProductCardModelView.swift in Sources */,
				79D12F312016858300302AF9 /* OPOutletModel.swift in Sources */,
				79833B3A200E7E4B005C6CC5 /* CategoryModelView.swift in Sources */,
				796D7B1B201905800098D324 /* FBUomModel.swift in Sources */,
				79968E841F409C090076C0D9 /* Product+CoreDataProperties.swift in Sources */,
				793368641FFE260F00E8E81A /* Extensions.swift in Sources */,
				79D26A011EFECC4800337DA3 /* ItemListVC.swift in Sources */,
				795EA8C61F0EC58F00752A68 /* Extension.swift in Sources */,
				7942EE441EEFD58600D2B999 /* ProjectExtensions.swift in Sources */,
				7973DD8B1EF1B16C0010A64F /* OutletCell.swift in Sources */,
				795EA8CD1F100C1500752A68 /* PriceHandling.swift in Sources */,
				7933686B1FFFBBCA00E8E81A /* QuantityPickerPopup.swift in Sources */,
				79A2EB732002D471008F7DAA /* ResultType.swift in Sources */,
				796D7B22201A51690098D324 /* CategoryMapper.swift in Sources */,
				79833B5B20146795005C6CC5 /* DPCategoryModel.swift in Sources */,
				792EE7BB1EE7080F00470669 /* ShopItemCell.swift in Sources */,
				79D12F332016ED2A00302AF9 /* OutletFactory.swift in Sources */,
				7973DD871EF1AC7F0010A64F /* OutletService.swift in Sources */,
				79883BCB20147E2D009CBEF0 /* FBItemStatistic.swift in Sources */,
				79833B4B20130F71005C6CC5 /* UomModelView.swift in Sources */,
				79D12F2D201683F600302AF9 /* FQOutletModel.swift in Sources */,
				79833B532013E872005C6CC5 /* CDProductModel.swift in Sources */,
				79968E861F409C090076C0D9 /* Uom+CoreDataProperties.swift in Sources */,
				7904B45A1F03738B002032CD /* FBItemCategory.swift in Sources */,
				792EE7C51EE7085500470669 /* ShopListController.swift in Sources */,
				792EE7BD1EE7081800470669 /* NumberExtensions.swift in Sources */,
				796D7B20201A492E0098D324 /* ProductMapper.swift in Sources */,
				79A2EB7520094A9F008F7DAA /* CoreDataSync.swift in Sources */,
				79833B552013ECA6005C6CC5 /* CDStatisticModel.swift in Sources */,
				795EA8CB1F10004400752A68 /* GoodButton.swift in Sources */,
				7904B4581F03728E002032CD /* ShopListControllerExchange.swift in Sources */,
				792D2C7C1F2BBFC900AA337F /* Category+CoreDataClass.swift in Sources */,
				792EE7C01EE7082700470669 /* CharacterExtensions.swift in Sources */,
				795EA8C81F0FFF7A00752A68 /* GoodTextField.swift in Sources */,
				79833B37200D501E005C6CC5 /* DPProductModel.swift in Sources */,
				7904B45D1F037E32002032CD /* ShopList+CoreDataClass.swift in Sources */,
				7933686D20012F1A00E8E81A /* QuantityModel.swift in Sources */,
				79D26A031EFECD5700337DA3 /* ItemListCell.swift in Sources */,
				79833B502013AC49005C6CC5 /* DPShoplistModel.swift in Sources */,
				792D2C7D1F2BBFC900AA337F /* Category+CoreDataProperties.swift in Sources */,
				793368691FFF6F5600E8E81A /* ShopListDataSource.swift in Sources */,
				795EA8D31F102AAB00752A68 /* FirebaseService.swift in Sources */,
				79968E831F409C090076C0D9 /* Product+CoreDataClass.swift in Sources */,
				79968E851F409C090076C0D9 /* Uom+CoreDataClass.swift in Sources */,
				79AA0FF21EF6BF2500903133 /* CoreDataService.swift in Sources */,
				79D12F2B2016823F00302AF9 /* FoursqareProvider.swift in Sources */,
				792EE7C71EE7087200470669 /* HeaderView.swift in Sources */,
			);
			runOnlyForDeploymentPostprocessing = 0;
		};
		79388B1C1F532175008FD415 /* Sources */ = {
			isa = PBXSourcesBuildPhase;
			buildActionMask = 2147483647;
			files = (
				79388B231F532176008FD415 /* PriceBarTests.swift in Sources */,
			);
			runOnlyForDeploymentPostprocessing = 0;
		};
/* End PBXSourcesBuildPhase section */

/* Begin PBXTargetDependency section */
		79388B261F532176008FD415 /* PBXTargetDependency */ = {
			isa = PBXTargetDependency;
			target = 792EE77F1EE48CD500470669 /* PriceBar */;
			targetProxy = 79388B251F532176008FD415 /* PBXContainerItemProxy */;
		};
/* End PBXTargetDependency section */

/* Begin PBXVariantGroup section */
		792EE7B01EE707E700470669 /* LaunchScreen.storyboard */ = {
			isa = PBXVariantGroup;
			children = (
				792EE7B11EE707E700470669 /* Base */,
			);
			name = LaunchScreen.storyboard;
			sourceTree = "<group>";
		};
		792EE7B21EE707E700470669 /* Main.storyboard */ = {
			isa = PBXVariantGroup;
			children = (
				792EE7B31EE707E700470669 /* Base */,
			);
			name = Main.storyboard;
			sourceTree = "<group>";
		};
/* End PBXVariantGroup section */

/* Begin XCBuildConfiguration section */
		792EE7901EE48CD600470669 /* Debug */ = {
			isa = XCBuildConfiguration;
			buildSettings = {
				ALWAYS_SEARCH_USER_PATHS = NO;
				CLANG_ANALYZER_NONNULL = YES;
				CLANG_ANALYZER_NUMBER_OBJECT_CONVERSION = YES_AGGRESSIVE;
				CLANG_CXX_LANGUAGE_STANDARD = "gnu++0x";
				CLANG_CXX_LIBRARY = "libc++";
				CLANG_ENABLE_MODULES = YES;
				CLANG_ENABLE_OBJC_ARC = YES;
				CLANG_WARN_BLOCK_CAPTURE_AUTORELEASING = YES;
				CLANG_WARN_BOOL_CONVERSION = YES;
				CLANG_WARN_COMMA = YES;
				CLANG_WARN_CONSTANT_CONVERSION = YES;
				CLANG_WARN_DIRECT_OBJC_ISA_USAGE = YES_ERROR;
				CLANG_WARN_DOCUMENTATION_COMMENTS = YES;
				CLANG_WARN_EMPTY_BODY = YES;
				CLANG_WARN_ENUM_CONVERSION = YES;
				CLANG_WARN_INFINITE_RECURSION = YES;
				CLANG_WARN_INT_CONVERSION = YES;
				CLANG_WARN_NON_LITERAL_NULL_CONVERSION = YES;
				CLANG_WARN_OBJC_LITERAL_CONVERSION = YES;
				CLANG_WARN_OBJC_ROOT_CLASS = YES_ERROR;
				CLANG_WARN_RANGE_LOOP_ANALYSIS = YES;
				CLANG_WARN_STRICT_PROTOTYPES = YES;
				CLANG_WARN_SUSPICIOUS_MOVE = YES;
				CLANG_WARN_UNREACHABLE_CODE = YES;
				CLANG_WARN__DUPLICATE_METHOD_MATCH = YES;
				"CODE_SIGN_IDENTITY[sdk=iphoneos*]" = "iPhone Developer";
				COPY_PHASE_STRIP = NO;
				DEBUG_INFORMATION_FORMAT = "dwarf-with-dsym";
				ENABLE_STRICT_OBJC_MSGSEND = YES;
				ENABLE_TESTABILITY = YES;
				GCC_C_LANGUAGE_STANDARD = gnu99;
				GCC_DYNAMIC_NO_PIC = NO;
				GCC_NO_COMMON_BLOCKS = YES;
				GCC_OPTIMIZATION_LEVEL = 0;
				GCC_PREPROCESSOR_DEFINITIONS = (
					"DEBUG=1",
					"$(inherited)",
				);
				GCC_WARN_64_TO_32_BIT_CONVERSION = YES;
				GCC_WARN_ABOUT_RETURN_TYPE = YES_ERROR;
				GCC_WARN_UNDECLARED_SELECTOR = YES;
				GCC_WARN_UNINITIALIZED_AUTOS = YES_AGGRESSIVE;
				GCC_WARN_UNUSED_FUNCTION = YES;
				GCC_WARN_UNUSED_VARIABLE = YES;
				IPHONEOS_DEPLOYMENT_TARGET = 10.3;
				MTL_ENABLE_DEBUG_INFO = YES;
				ONLY_ACTIVE_ARCH = YES;
				SDKROOT = iphoneos;
				SWIFT_ACTIVE_COMPILATION_CONDITIONS = DEBUG;
				SWIFT_OPTIMIZATION_LEVEL = "-Onone";
			};
			name = Debug;
		};
		792EE7911EE48CD600470669 /* Release */ = {
			isa = XCBuildConfiguration;
			buildSettings = {
				ALWAYS_SEARCH_USER_PATHS = NO;
				CLANG_ANALYZER_NONNULL = YES;
				CLANG_ANALYZER_NUMBER_OBJECT_CONVERSION = YES_AGGRESSIVE;
				CLANG_CXX_LANGUAGE_STANDARD = "gnu++0x";
				CLANG_CXX_LIBRARY = "libc++";
				CLANG_ENABLE_MODULES = YES;
				CLANG_ENABLE_OBJC_ARC = YES;
				CLANG_WARN_BLOCK_CAPTURE_AUTORELEASING = YES;
				CLANG_WARN_BOOL_CONVERSION = YES;
				CLANG_WARN_COMMA = YES;
				CLANG_WARN_CONSTANT_CONVERSION = YES;
				CLANG_WARN_DIRECT_OBJC_ISA_USAGE = YES_ERROR;
				CLANG_WARN_DOCUMENTATION_COMMENTS = YES;
				CLANG_WARN_EMPTY_BODY = YES;
				CLANG_WARN_ENUM_CONVERSION = YES;
				CLANG_WARN_INFINITE_RECURSION = YES;
				CLANG_WARN_INT_CONVERSION = YES;
				CLANG_WARN_NON_LITERAL_NULL_CONVERSION = YES;
				CLANG_WARN_OBJC_LITERAL_CONVERSION = YES;
				CLANG_WARN_OBJC_ROOT_CLASS = YES_ERROR;
				CLANG_WARN_RANGE_LOOP_ANALYSIS = YES;
				CLANG_WARN_STRICT_PROTOTYPES = YES;
				CLANG_WARN_SUSPICIOUS_MOVE = YES;
				CLANG_WARN_UNREACHABLE_CODE = YES;
				CLANG_WARN__DUPLICATE_METHOD_MATCH = YES;
				"CODE_SIGN_IDENTITY[sdk=iphoneos*]" = "iPhone Developer";
				COPY_PHASE_STRIP = NO;
				DEBUG_INFORMATION_FORMAT = "dwarf-with-dsym";
				ENABLE_NS_ASSERTIONS = NO;
				ENABLE_STRICT_OBJC_MSGSEND = YES;
				GCC_C_LANGUAGE_STANDARD = gnu99;
				GCC_NO_COMMON_BLOCKS = YES;
				GCC_WARN_64_TO_32_BIT_CONVERSION = YES;
				GCC_WARN_ABOUT_RETURN_TYPE = YES_ERROR;
				GCC_WARN_UNDECLARED_SELECTOR = YES;
				GCC_WARN_UNINITIALIZED_AUTOS = YES_AGGRESSIVE;
				GCC_WARN_UNUSED_FUNCTION = YES;
				GCC_WARN_UNUSED_VARIABLE = YES;
				IPHONEOS_DEPLOYMENT_TARGET = 10.3;
				MTL_ENABLE_DEBUG_INFO = NO;
				SDKROOT = iphoneos;
				SWIFT_OPTIMIZATION_LEVEL = "-Owholemodule";
				VALIDATE_PRODUCT = YES;
			};
			name = Release;
		};
		792EE7931EE48CD600470669 /* Debug */ = {
			isa = XCBuildConfiguration;
			baseConfigurationReference = DB0AE4600538D7BEBF558ECF /* Pods-PriceBar.debug.xcconfig */;
			buildSettings = {
				ASSETCATALOG_COMPILER_APPICON_NAME = AppIcon;
				CODE_SIGN_IDENTITY = "iPhone Distribution";
				"CODE_SIGN_IDENTITY[sdk=iphoneos*]" = "iPhone Developer";
				DEVELOPMENT_TEAM = 379294YDPQ;
				FRAMEWORK_SEARCH_PATHS = (
					"$(inherited)",
					"$(PROJECT_DIR)",
				);
				INFOPLIST_FILE = PriceBar/Info.plist;
				IPHONEOS_DEPLOYMENT_TARGET = 10.0;
				LD_RUNPATH_SEARCH_PATHS = "$(inherited) @executable_path/Frameworks";
				PRODUCT_BUNDLE_IDENTIFIER = "com.LionLife.Price-Bar";
				PRODUCT_NAME = "$(TARGET_NAME)";
				PROVISIONING_PROFILE_SPECIFIER = "";
				SWIFT_SWIFT3_OBJC_INFERENCE = Default;
				SWIFT_VERSION = 4.0;
				TARGETED_DEVICE_FAMILY = 1;
			};
			name = Debug;
		};
		792EE7941EE48CD600470669 /* Release */ = {
			isa = XCBuildConfiguration;
			baseConfigurationReference = 9112EA9E34F7BC2278A40D75 /* Pods-PriceBar.release.xcconfig */;
			buildSettings = {
				ASSETCATALOG_COMPILER_APPICON_NAME = AppIcon;
				CODE_SIGN_IDENTITY = "iPhone Distribution";
				"CODE_SIGN_IDENTITY[sdk=iphoneos*]" = "iPhone Developer";
				DEVELOPMENT_TEAM = 379294YDPQ;
				FRAMEWORK_SEARCH_PATHS = (
					"$(inherited)",
					"$(PROJECT_DIR)",
				);
				INFOPLIST_FILE = PriceBar/Info.plist;
				IPHONEOS_DEPLOYMENT_TARGET = 10.0;
				LD_RUNPATH_SEARCH_PATHS = "$(inherited) @executable_path/Frameworks";
				PRODUCT_BUNDLE_IDENTIFIER = "com.LionLife.Price-Bar";
				PRODUCT_NAME = "$(TARGET_NAME)";
				PROVISIONING_PROFILE_SPECIFIER = "";
				SWIFT_SWIFT3_OBJC_INFERENCE = Default;
				SWIFT_VERSION = 4.0;
				TARGETED_DEVICE_FAMILY = 1;
			};
			name = Release;
		};
		79388B281F532176008FD415 /* Debug */ = {
			isa = XCBuildConfiguration;
			baseConfigurationReference = 80E09CA58DC91A4F8BFB54D4 /* Pods-PriceBarTests.debug.xcconfig */;
			buildSettings = {
				BUNDLE_LOADER = "$(TEST_HOST)";
				DEVELOPMENT_TEAM = 379294YDPQ;
				INFOPLIST_FILE = PriceBarTests/Info.plist;
				LD_RUNPATH_SEARCH_PATHS = "$(inherited) @executable_path/Frameworks @loader_path/Frameworks";
				PRODUCT_BUNDLE_IDENTIFIER = com.LionLife.PriceBarTests;
				PRODUCT_NAME = "$(TARGET_NAME)";
				SWIFT_SWIFT3_OBJC_INFERENCE = On;
				SWIFT_VERSION = 4.0;
				TEST_HOST = "$(BUILT_PRODUCTS_DIR)/PriceBar.app/PriceBar";
			};
			name = Debug;
		};
		79388B291F532176008FD415 /* Release */ = {
			isa = XCBuildConfiguration;
			baseConfigurationReference = 3995BAA816BFE91FEAB6DC7C /* Pods-PriceBarTests.release.xcconfig */;
			buildSettings = {
				BUNDLE_LOADER = "$(TEST_HOST)";
				DEVELOPMENT_TEAM = 379294YDPQ;
				INFOPLIST_FILE = PriceBarTests/Info.plist;
				LD_RUNPATH_SEARCH_PATHS = "$(inherited) @executable_path/Frameworks @loader_path/Frameworks";
				PRODUCT_BUNDLE_IDENTIFIER = com.LionLife.PriceBarTests;
				PRODUCT_NAME = "$(TARGET_NAME)";
				SWIFT_SWIFT3_OBJC_INFERENCE = On;
				SWIFT_VERSION = 4.0;
				TEST_HOST = "$(BUILT_PRODUCTS_DIR)/PriceBar.app/PriceBar";
			};
			name = Release;
		};
/* End XCBuildConfiguration section */

/* Begin XCConfigurationList section */
		792EE77B1EE48CD500470669 /* Build configuration list for PBXProject "PriceBar" */ = {
			isa = XCConfigurationList;
			buildConfigurations = (
				792EE7901EE48CD600470669 /* Debug */,
				792EE7911EE48CD600470669 /* Release */,
			);
			defaultConfigurationIsVisible = 0;
			defaultConfigurationName = Release;
		};
		792EE7921EE48CD600470669 /* Build configuration list for PBXNativeTarget "PriceBar" */ = {
			isa = XCConfigurationList;
			buildConfigurations = (
				792EE7931EE48CD600470669 /* Debug */,
				792EE7941EE48CD600470669 /* Release */,
			);
			defaultConfigurationIsVisible = 0;
			defaultConfigurationName = Release;
		};
		79388B271F532176008FD415 /* Build configuration list for PBXNativeTarget "PriceBarTests" */ = {
			isa = XCConfigurationList;
			buildConfigurations = (
				79388B281F532176008FD415 /* Debug */,
				79388B291F532176008FD415 /* Release */,
			);
			defaultConfigurationIsVisible = 0;
			defaultConfigurationName = Release;
		};
/* End XCConfigurationList section */
	};
	rootObject = 792EE7781EE48CD500470669 /* Project object */;
}
